// !$*UTF8*$!
{
	archiveVersion = 1;
	classes = {
	};
	objectVersion = 50;
	objects = {

/* Begin PBXBuildFile section */
		38428A6622E4CB46007763CF /* MapViewController.swift in Sources */ = {isa = PBXBuildFile; fileRef = 38428A6522E4CB46007763CF /* MapViewController.swift */; };
		3888565C22E19454007786EF /* AppDelegate.m in Sources */ = {isa = PBXBuildFile; fileRef = 3888565B22E19454007786EF /* AppDelegate.m */; };
		3888565F22E19454007786EF /* ViewController.m in Sources */ = {isa = PBXBuildFile; fileRef = 3888565E22E19454007786EF /* ViewController.m */; };
		3888566222E19454007786EF /* Main.storyboard in Resources */ = {isa = PBXBuildFile; fileRef = 3888566022E19454007786EF /* Main.storyboard */; };
		3888566422E19457007786EF /* Assets.xcassets in Resources */ = {isa = PBXBuildFile; fileRef = 3888566322E19457007786EF /* Assets.xcassets */; };
		3888566722E19457007786EF /* LaunchScreen.storyboard in Resources */ = {isa = PBXBuildFile; fileRef = 3888566522E19457007786EF /* LaunchScreen.storyboard */; };
		3888566A22E19457007786EF /* main.m in Sources */ = {isa = PBXBuildFile; fileRef = 3888566922E19457007786EF /* main.m */; };
		3888567422E19457007786EF /* ProjectObjectiveCTests.m in Sources */ = {isa = PBXBuildFile; fileRef = 3888567322E19457007786EF /* ProjectObjectiveCTests.m */; };
/* End PBXBuildFile section */

/* Begin PBXContainerItemProxy section */
		3888567022E19457007786EF /* PBXContainerItemProxy */ = {
			isa = PBXContainerItemProxy;
			containerPortal = 3888564F22E19454007786EF /* Project object */;
			proxyType = 1;
			remoteGlobalIDString = 3888565622E19454007786EF;
			remoteInfo = ProjectObjectiveC;
		};
/* End PBXContainerItemProxy section */

/* Begin PBXFileReference section */
		38428A6022E4B7B7007763CF /* README.md */ = {isa = PBXFileReference; lastKnownFileType = net.daringfireball.markdown; path = README.md; sourceTree = "<group>"; };
		38428A6222E4BE4C007763CF /* ProjectObjectiveC-Bridging-Header.h */ = {isa = PBXFileReference; lastKnownFileType = sourcecode.c.h; path = "ProjectObjectiveC-Bridging-Header.h"; sourceTree = "<group>"; };
		38428A6522E4CB46007763CF /* MapViewController.swift */ = {isa = PBXFileReference; lastKnownFileType = sourcecode.swift; path = MapViewController.swift; sourceTree = "<group>"; };
		3888565722E19454007786EF /* ProjectObjectiveC.app */ = {isa = PBXFileReference; explicitFileType = wrapper.application; includeInIndex = 0; path = ProjectObjectiveC.app; sourceTree = BUILT_PRODUCTS_DIR; };
		3888565A22E19454007786EF /* AppDelegate.h */ = {isa = PBXFileReference; lastKnownFileType = sourcecode.c.h; path = AppDelegate.h; sourceTree = "<group>"; };
		3888565B22E19454007786EF /* AppDelegate.m */ = {isa = PBXFileReference; lastKnownFileType = sourcecode.c.objc; path = AppDelegate.m; sourceTree = "<group>"; };
		3888565D22E19454007786EF /* ViewController.h */ = {isa = PBXFileReference; lastKnownFileType = sourcecode.c.h; path = ViewController.h; sourceTree = "<group>"; };
		3888565E22E19454007786EF /* ViewController.m */ = {isa = PBXFileReference; lastKnownFileType = sourcecode.c.objc; path = ViewController.m; sourceTree = "<group>"; };
		3888566122E19454007786EF /* Base */ = {isa = PBXFileReference; lastKnownFileType = file.storyboard; name = Base; path = Base.lproj/Main.storyboard; sourceTree = "<group>"; };
		3888566322E19457007786EF /* Assets.xcassets */ = {isa = PBXFileReference; lastKnownFileType = folder.assetcatalog; path = Assets.xcassets; sourceTree = "<group>"; };
		3888566622E19457007786EF /* Base */ = {isa = PBXFileReference; lastKnownFileType = file.storyboard; name = Base; path = Base.lproj/LaunchScreen.storyboard; sourceTree = "<group>"; };
		3888566822E19457007786EF /* Info.plist */ = {isa = PBXFileReference; lastKnownFileType = text.plist.xml; path = Info.plist; sourceTree = "<group>"; };
		3888566922E19457007786EF /* main.m */ = {isa = PBXFileReference; lastKnownFileType = sourcecode.c.objc; path = main.m; sourceTree = "<group>"; };
		3888566F22E19457007786EF /* ProjectObjectiveCTests.xctest */ = {isa = PBXFileReference; explicitFileType = wrapper.cfbundle; includeInIndex = 0; path = ProjectObjectiveCTests.xctest; sourceTree = BUILT_PRODUCTS_DIR; };
		3888567322E19457007786EF /* ProjectObjectiveCTests.m */ = {isa = PBXFileReference; lastKnownFileType = sourcecode.c.objc; path = ProjectObjectiveCTests.m; sourceTree = "<group>"; };
		3888567522E19457007786EF /* Info.plist */ = {isa = PBXFileReference; lastKnownFileType = text.plist.xml; path = Info.plist; sourceTree = "<group>"; };
/* End PBXFileReference section */

/* Begin PBXFrameworksBuildPhase section */
		3888565422E19454007786EF /* Frameworks */ = {
			isa = PBXFrameworksBuildPhase;
			buildActionMask = 2147483647;
			files = (
			);
			runOnlyForDeploymentPostprocessing = 0;
		};
		3888566C22E19457007786EF /* Frameworks */ = {
			isa = PBXFrameworksBuildPhase;
			buildActionMask = 2147483647;
			files = (
			);
			runOnlyForDeploymentPostprocessing = 0;
		};
/* End PBXFrameworksBuildPhase section */

/* Begin PBXGroup section */
		38428A6122E4BE26007763CF /* SwiftModules */ = {
			isa = PBXGroup;
			children = (
				38428A6222E4BE4C007763CF /* ProjectObjectiveC-Bridging-Header.h */,
				38428A6522E4CB46007763CF /* MapViewController.swift */,
			);
			path = SwiftModules;
			sourceTree = "<group>";
		};
		3888564E22E19454007786EF = {
			isa = PBXGroup;
			children = (
				38428A6022E4B7B7007763CF /* README.md */,
				3888565922E19454007786EF /* ProjectObjectiveC */,
				3888567222E19457007786EF /* ProjectObjectiveCTests */,
				3888565822E19454007786EF /* Products */,
			);
			sourceTree = "<group>";
		};
		3888565822E19454007786EF /* Products */ = {
			isa = PBXGroup;
			children = (
				3888565722E19454007786EF /* ProjectObjectiveC.app */,
				3888566F22E19457007786EF /* ProjectObjectiveCTests.xctest */,
			);
			name = Products;
			sourceTree = "<group>";
		};
		3888565922E19454007786EF /* ProjectObjectiveC */ = {
			isa = PBXGroup;
			children = (
				38428A6122E4BE26007763CF /* SwiftModules */,
				3888565A22E19454007786EF /* AppDelegate.h */,
				3888565B22E19454007786EF /* AppDelegate.m */,
				3888565D22E19454007786EF /* ViewController.h */,
				3888565E22E19454007786EF /* ViewController.m */,
				3888566022E19454007786EF /* Main.storyboard */,
				3888566322E19457007786EF /* Assets.xcassets */,
				3888566522E19457007786EF /* LaunchScreen.storyboard */,
				3888566822E19457007786EF /* Info.plist */,
				3888566922E19457007786EF /* main.m */,
			);
			path = ProjectObjectiveC;
			sourceTree = "<group>";
		};
		3888567222E19457007786EF /* ProjectObjectiveCTests */ = {
			isa = PBXGroup;
			children = (
				3888567322E19457007786EF /* ProjectObjectiveCTests.m */,
				3888567522E19457007786EF /* Info.plist */,
			);
			path = ProjectObjectiveCTests;
			sourceTree = "<group>";
		};
/* End PBXGroup section */

/* Begin PBXNativeTarget section */
		3888565622E19454007786EF /* ProjectObjectiveC */ = {
			isa = PBXNativeTarget;
			buildConfigurationList = 3888567822E19457007786EF /* Build configuration list for PBXNativeTarget "ProjectObjectiveC" */;
			buildPhases = (
				3888565322E19454007786EF /* Sources */,
				3888565422E19454007786EF /* Frameworks */,
				3888565522E19454007786EF /* Resources */,
			);
			buildRules = (
			);
			dependencies = (
			);
			name = ProjectObjectiveC;
			productName = ProjectObjectiveC;
			productReference = 3888565722E19454007786EF /* ProjectObjectiveC.app */;
			productType = "com.apple.product-type.application";
		};
		3888566E22E19457007786EF /* ProjectObjectiveCTests */ = {
			isa = PBXNativeTarget;
			buildConfigurationList = 3888567B22E19457007786EF /* Build configuration list for PBXNativeTarget "ProjectObjectiveCTests" */;
			buildPhases = (
				3888566B22E19457007786EF /* Sources */,
				3888566C22E19457007786EF /* Frameworks */,
				3888566D22E19457007786EF /* Resources */,
			);
			buildRules = (
			);
			dependencies = (
				3888567122E19457007786EF /* PBXTargetDependency */,
			);
			name = ProjectObjectiveCTests;
			productName = ProjectObjectiveCTests;
			productReference = 3888566F22E19457007786EF /* ProjectObjectiveCTests.xctest */;
			productType = "com.apple.product-type.bundle.unit-test";
		};
/* End PBXNativeTarget section */

/* Begin PBXProject section */
		3888564F22E19454007786EF /* Project object */ = {
			isa = PBXProject;
			attributes = {
				LastUpgradeCheck = 1020;
				ORGANIZATIONNAME = "Lilian ALVAREZ";
				TargetAttributes = {
					3888565622E19454007786EF = {
						CreatedOnToolsVersion = 10.2.1;
						LastSwiftMigration = 1020;
					};
					3888566E22E19457007786EF = {
						CreatedOnToolsVersion = 10.2.1;
						TestTargetID = 3888565622E19454007786EF;
					};
				};
			};
			buildConfigurationList = 3888565222E19454007786EF /* Build configuration list for PBXProject "ProjectObjectiveC" */;
			compatibilityVersion = "Xcode 9.3";
			developmentRegion = en;
			hasScannedForEncodings = 0;
			knownRegions = (
				en,
				Base,
			);
			mainGroup = 3888564E22E19454007786EF;
			productRefGroup = 3888565822E19454007786EF /* Products */;
			projectDirPath = "";
			projectRoot = "";
			targets = (
				3888565622E19454007786EF /* ProjectObjectiveC */,
				3888566E22E19457007786EF /* ProjectObjectiveCTests */,
			);
		};
/* End PBXProject section */

/* Begin PBXResourcesBuildPhase section */
		3888565522E19454007786EF /* Resources */ = {
			isa = PBXResourcesBuildPhase;
			buildActionMask = 2147483647;
			files = (
				3888566722E19457007786EF /* LaunchScreen.storyboard in Resources */,
				3888566422E19457007786EF /* Assets.xcassets in Resources */,
				3888566222E19454007786EF /* Main.storyboard in Resources */,
			);
			runOnlyForDeploymentPostprocessing = 0;
		};
		3888566D22E19457007786EF /* Resources */ = {
			isa = PBXResourcesBuildPhase;
			buildActionMask = 2147483647;
			files = (
			);
			runOnlyForDeploymentPostprocessing = 0;
		};
/* End PBXResourcesBuildPhase section */

/* Begin PBXSourcesBuildPhase section */
		3888565322E19454007786EF /* Sources */ = {
			isa = PBXSourcesBuildPhase;
			buildActionMask = 2147483647;
			files = (
				3888565F22E19454007786EF /* ViewController.m in Sources */,
				3888566A22E19457007786EF /* main.m in Sources */,
				3888565C22E19454007786EF /* AppDelegate.m in Sources */,
				38428A6622E4CB46007763CF /* MapViewController.swift in Sources */,
			);
			runOnlyForDeploymentPostprocessing = 0;
		};
		3888566B22E19457007786EF /* Sources */ = {
			isa = PBXSourcesBuildPhase;
			buildActionMask = 2147483647;
			files = (
				3888567422E19457007786EF /* ProjectObjectiveCTests.m in Sources */,
			);
			runOnlyForDeploymentPostprocessing = 0;
		};
/* End PBXSourcesBuildPhase section */

/* Begin PBXTargetDependency section */
		3888567122E19457007786EF /* PBXTargetDependency */ = {
			isa = PBXTargetDependency;
			target = 3888565622E19454007786EF /* ProjectObjectiveC */;
			targetProxy = 3888567022E19457007786EF /* PBXContainerItemProxy */;
		};
/* End PBXTargetDependency section */

/* Begin PBXVariantGroup section */
		3888566022E19454007786EF /* Main.storyboard */ = {
			isa = PBXVariantGroup;
			children = (
				3888566122E19454007786EF /* Base */,
			);
			name = Main.storyboard;
			sourceTree = "<group>";
		};
		3888566522E19457007786EF /* LaunchScreen.storyboard */ = {
			isa = PBXVariantGroup;
			children = (
				3888566622E19457007786EF /* Base */,
			);
			name = LaunchScreen.storyboard;
			sourceTree = "<group>";
		};
/* End PBXVariantGroup section */

/* Begin XCBuildConfiguration section */
		3888567622E19457007786EF /* Debug */ = {
			isa = XCBuildConfiguration;
			buildSettings = {
				ALWAYS_SEARCH_USER_PATHS = NO;
				CLANG_ANALYZER_NONNULL = YES;
				CLANG_ANALYZER_NUMBER_OBJECT_CONVERSION = YES_AGGRESSIVE;
				CLANG_CXX_LANGUAGE_STANDARD = "gnu++14";
				CLANG_CXX_LIBRARY = "libc++";
				CLANG_ENABLE_MODULES = YES;
				CLANG_ENABLE_OBJC_ARC = YES;
				CLANG_ENABLE_OBJC_WEAK = YES;
				CLANG_WARN_BLOCK_CAPTURE_AUTORELEASING = YES;
				CLANG_WARN_BOOL_CONVERSION = YES;
				CLANG_WARN_COMMA = YES;
				CLANG_WARN_CONSTANT_CONVERSION = YES;
				CLANG_WARN_DEPRECATED_OBJC_IMPLEMENTATIONS = YES;
				CLANG_WARN_DIRECT_OBJC_ISA_USAGE = YES_ERROR;
				CLANG_WARN_DOCUMENTATION_COMMENTS = YES;
				CLANG_WARN_EMPTY_BODY = YES;
				CLANG_WARN_ENUM_CONVERSION = YES;
				CLANG_WARN_INFINITE_RECURSION = YES;
				CLANG_WARN_INT_CONVERSION = YES;
				CLANG_WARN_NON_LITERAL_NULL_CONVERSION = YES;
				CLANG_WARN_OBJC_IMPLICIT_RETAIN_SELF = YES;
				CLANG_WARN_OBJC_LITERAL_CONVERSION = YES;
				CLANG_WARN_OBJC_ROOT_CLASS = YES_ERROR;
				CLANG_WARN_RANGE_LOOP_ANALYSIS = YES;
				CLANG_WARN_STRICT_PROTOTYPES = YES;
				CLANG_WARN_SUSPICIOUS_MOVE = YES;
				CLANG_WARN_UNGUARDED_AVAILABILITY = YES_AGGRESSIVE;
				CLANG_WARN_UNREACHABLE_CODE = YES;
				CLANG_WARN__DUPLICATE_METHOD_MATCH = YES;
				CODE_SIGN_IDENTITY = "iPhone Developer";
				COPY_PHASE_STRIP = NO;
				DEBUG_INFORMATION_FORMAT = dwarf;
				ENABLE_STRICT_OBJC_MSGSEND = YES;
				ENABLE_TESTABILITY = YES;
				GCC_C_LANGUAGE_STANDARD = gnu11;
				GCC_DYNAMIC_NO_PIC = NO;
				GCC_NO_COMMON_BLOCKS = YES;
				GCC_OPTIMIZATION_LEVEL = 0;
				GCC_PREPROCESSOR_DEFINITIONS = (
					"DEBUG=1",
					"$(inherited)",
				);
				GCC_WARN_64_TO_32_BIT_CONVERSION = YES;
				GCC_WARN_ABOUT_RETURN_TYPE = YES_ERROR;
				GCC_WARN_UNDECLARED_SELECTOR = YES;
				GCC_WARN_UNINITIALIZED_AUTOS = YES_AGGRESSIVE;
				GCC_WARN_UNUSED_FUNCTION = YES;
				GCC_WARN_UNUSED_VARIABLE = YES;
				IPHONEOS_DEPLOYMENT_TARGET = 12.2;
				MTL_ENABLE_DEBUG_INFO = INCLUDE_SOURCE;
				MTL_FAST_MATH = YES;
				ONLY_ACTIVE_ARCH = YES;
				SDKROOT = iphoneos;
			};
			name = Debug;
		};
		3888567722E19457007786EF /* Release */ = {
			isa = XCBuildConfiguration;
			buildSettings = {
				ALWAYS_SEARCH_USER_PATHS = NO;
				CLANG_ANALYZER_NONNULL = YES;
				CLANG_ANALYZER_NUMBER_OBJECT_CONVERSION = YES_AGGRESSIVE;
				CLANG_CXX_LANGUAGE_STANDARD = "gnu++14";
				CLANG_CXX_LIBRARY = "libc++";
				CLANG_ENABLE_MODULES = YES;
				CLANG_ENABLE_OBJC_ARC = YES;
				CLANG_ENABLE_OBJC_WEAK = YES;
				CLANG_WARN_BLOCK_CAPTURE_AUTORELEASING = YES;
				CLANG_WARN_BOOL_CONVERSION = YES;
				CLANG_WARN_COMMA = YES;
				CLANG_WARN_CONSTANT_CONVERSION = YES;
				CLANG_WARN_DEPRECATED_OBJC_IMPLEMENTATIONS = YES;
				CLANG_WARN_DIRECT_OBJC_ISA_USAGE = YES_ERROR;
				CLANG_WARN_DOCUMENTATION_COMMENTS = YES;
				CLANG_WARN_EMPTY_BODY = YES;
				CLANG_WARN_ENUM_CONVERSION = YES;
				CLANG_WARN_INFINITE_RECURSION = YES;
				CLANG_WARN_INT_CONVERSION = YES;
				CLANG_WARN_NON_LITERAL_NULL_CONVERSION = YES;
				CLANG_WARN_OBJC_IMPLICIT_RETAIN_SELF = YES;
				CLANG_WARN_OBJC_LITERAL_CONVERSION = YES;
				CLANG_WARN_OBJC_ROOT_CLASS = YES_ERROR;
				CLANG_WARN_RANGE_LOOP_ANALYSIS = YES;
				CLANG_WARN_STRICT_PROTOTYPES = YES;
				CLANG_WARN_SUSPICIOUS_MOVE = YES;
				CLANG_WARN_UNGUARDED_AVAILABILITY = YES_AGGRESSIVE;
				CLANG_WARN_UNREACHABLE_CODE = YES;
				CLANG_WARN__DUPLICATE_METHOD_MATCH = YES;
				CODE_SIGN_IDENTITY = "iPhone Developer";
				COPY_PHASE_STRIP = NO;
				DEBUG_INFORMATION_FORMAT = "dwarf-with-dsym";
				ENABLE_NS_ASSERTIONS = NO;
				ENABLE_STRICT_OBJC_MSGSEND = YES;
				GCC_C_LANGUAGE_STANDARD = gnu11;
				GCC_NO_COMMON_BLOCKS = YES;
				GCC_WARN_64_TO_32_BIT_CONVERSION = YES;
				GCC_WARN_ABOUT_RETURN_TYPE = YES_ERROR;
				GCC_WARN_UNDECLARED_SELECTOR = YES;
				GCC_WARN_UNINITIALIZED_AUTOS = YES_AGGRESSIVE;
				GCC_WARN_UNUSED_FUNCTION = YES;
				GCC_WARN_UNUSED_VARIABLE = YES;
				IPHONEOS_DEPLOYMENT_TARGET = 12.2;
				MTL_ENABLE_DEBUG_INFO = NO;
				MTL_FAST_MATH = YES;
				SDKROOT = iphoneos;
				VALIDATE_PRODUCT = YES;
			};
			name = Release;
		};
		3888567922E19457007786EF /* Debug */ = {
			isa = XCBuildConfiguration;
			buildSettings = {
				ASSETCATALOG_COMPILER_APPICON_NAME = AppIcon;
				CLANG_ENABLE_MODULES = YES;
				CODE_SIGN_STYLE = Automatic;
				DEVELOPMENT_TEAM = JEJP9GR2UB;
				INFOPLIST_FILE = ProjectObjectiveC/Info.plist;
				LD_RUNPATH_SEARCH_PATHS = (
					"$(inherited)",
					"@executable_path/Frameworks",
				);
				PRODUCT_BUNDLE_IDENTIFIER = fr.lilian.ProjectObjectiveC;
				PRODUCT_NAME = "$(TARGET_NAME)";
				SWIFT_OBJC_BRIDGING_HEADER = "ProjectObjectiveC/SwiftModules/ProjectObjectiveC-Bridging-Header.h";
				SWIFT_OPTIMIZATION_LEVEL = "-Onone";
				SWIFT_VERSION = 5.0;
				TARGETED_DEVICE_FAMILY = "1,2";
			};
			name = Debug;
		};
		3888567A22E19457007786EF /* Release */ = {
			isa = XCBuildConfiguration;
			buildSettings = {
				ASSETCATALOG_COMPILER_APPICON_NAME = AppIcon;
				CLANG_ENABLE_MODULES = YES;
				CODE_SIGN_STYLE = Automatic;
				DEVELOPMENT_TEAM = JEJP9GR2UB;
				INFOPLIST_FILE = ProjectObjectiveC/Info.plist;
				LD_RUNPATH_SEARCH_PATHS = (
					"$(inherited)",
					"@executable_path/Frameworks",
				);
				PRODUCT_BUNDLE_IDENTIFIER = fr.lilian.ProjectObjectiveC;
				PRODUCT_NAME = "$(TARGET_NAME)";
				SWIFT_OBJC_BRIDGING_HEADER = "ProjectObjectiveC/SwiftModules/ProjectObjectiveC-Bridging-Header.h";
				SWIFT_VERSION = 5.0;
				TARGETED_DEVICE_FAMILY = "1,2";
			};
			name = Release;
		};
		3888567C22E19457007786EF /* Debug */ = {
			isa = XCBuildConfiguration;
			buildSettings = {
				ALWAYS_EMBED_SWIFT_STANDARD_LIBRARIES = YES;
				BUNDLE_LOADER = "$(TEST_HOST)";
				CODE_SIGN_STYLE = Automatic;
				DEVELOPMENT_TEAM = JEJP9GR2UB;
				INFOPLIST_FILE = ProjectObjectiveCTests/Info.plist;
				LD_RUNPATH_SEARCH_PATHS = (
					"$(inherited)",
					"@executable_path/Frameworks",
					"@loader_path/Frameworks",
				);
				PRODUCT_BUNDLE_IDENTIFIER = fr.lilian.ProjectObjectiveCTests;
				PRODUCT_NAME = "$(TARGET_NAME)";
				TARGETED_DEVICE_FAMILY = "1,2";
				TEST_HOST = "$(BUILT_PRODUCTS_DIR)/ProjectObjectiveC.app/ProjectObjectiveC";
			};
			name = Debug;
		};
		3888567D22E19457007786EF /* Release */ = {
			isa = XCBuildConfiguration;
			buildSettings = {
				ALWAYS_EMBED_SWIFT_STANDARD_LIBRARIES = YES;
				BUNDLE_LOADER = "$(TEST_HOST)";
				CODE_SIGN_STYLE = Automatic;
				DEVELOPMENT_TEAM = JEJP9GR2UB;
				INFOPLIST_FILE = ProjectObjectiveCTests/Info.plist;
				LD_RUNPATH_SEARCH_PATHS = (
					"$(inherited)",
					"@executable_path/Frameworks",
					"@loader_path/Frameworks",
				);
				PRODUCT_BUNDLE_IDENTIFIER = fr.lilian.ProjectObjectiveCTests;
				PRODUCT_NAME = "$(TARGET_NAME)";
				TARGETED_DEVICE_FAMILY = "1,2";
				TEST_HOST = "$(BUILT_PRODUCTS_DIR)/ProjectObjectiveC.app/ProjectObjectiveC";
			};
			name = Release;
		};
/* End XCBuildConfiguration section */

/* Begin XCConfigurationList section */
		3888565222E19454007786EF /* Build configuration list for PBXProject "ProjectObjectiveC" */ = {
			isa = XCConfigurationList;
			buildConfigurations = (
				3888567622E19457007786EF /* Debug */,
				3888567722E19457007786EF /* Release */,
			);
			defaultConfigurationIsVisible = 0;
			defaultConfigurationName = Release;
		};
		3888567822E19457007786EF /* Build configuration list for PBXNativeTarget "ProjectObjectiveC" */ = {
			isa = XCConfigurationList;
			buildConfigurations = (
				3888567922E19457007786EF /* Debug */,
				3888567A22E19457007786EF /* Release */,
			);
			defaultConfigurationIsVisible = 0;
			defaultConfigurationName = Release;
		};
		3888567B22E19457007786EF /* Build configuration list for PBXNativeTarget "ProjectObjectiveCTests" */ = {
			isa = XCConfigurationList;
			buildConfigurations = (
				3888567C22E19457007786EF /* Debug */,
				3888567D22E19457007786EF /* Release */,
			);
			defaultConfigurationIsVisible = 0;
			defaultConfigurationName = Release;
		};
/* End XCConfigurationList section */
	};
	rootObject = 3888564F22E19454007786EF /* Project object */;
}
